
Microsoft Visual Studio Solution File, Format Version 12.00
# Visual Studio Version 17
VisualStudioVersion = 17.14.36408.4
MinimumVisualStudioVersion = 10.0.40219.1
Project("{FAE04EC0-301F-11D3-BF4B-00C04F79EFBC}") = "ConsoleApp.OutpotDemo", "ConsoleApp.OutpotDemo\ConsoleApp.OutpotDemo.csproj", "{521F2BB9-418E-40F5-97C9-ECC6959F0E04}"
EndProject
Project("{FAE04EC0-301F-11D3-BF4B-00C04F79EFBC}") = "ConsoleApp.VariablesDemo", "ConsoleApp.VariablesDemo\ConsoleApp.VariablesDemo.csproj", "{84606163-CBAE-4078-98EE-C0D81387C023}"
EndProject
Project("{FAE04EC0-301F-11D3-BF4B-00C04F79EFBC}") = "ConsoleApp.UserInput", "ConsoleApp.UserInput\ConsoleApp.UserInput.csproj", "{3031D5C4-71E0-4B12-B061-4F0A578D40BC}"
EndProject
Project("{FAE04EC0-301F-11D3-BF4B-00C04F79EFBC}") = "ConsoleApp.Operator", "ConsoleApp.Operator\ConsoleApp.Operator.csproj", "{6DD8C379-0E5B-4CDC-AEFF-0AD74BC578F3}"
EndProject
Project("{FAE04EC0-301F-11D3-BF4B-00C04F79EFBC}") = "ConsoleApp.ConditionsAndDecisions", "ConsoleApp.ConditionsAndDecisions\ConsoleApp.ConditionsAndDecisions.csproj", "{7BA2FFEC-944B-44CF-8148-B4B0A67BFBE1}"
EndProject
Project("{FAE04EC0-301F-11D3-BF4B-00C04F79EFBC}") = "ConsoleApp.SimpleCalculator", "ConsoleApp.SimpleCalculator\ConsoleApp.SimpleCalculator.csproj", "{01A31085-F153-4DD7-8923-09BDEA37E066}"
EndProject
Project("{FAE04EC0-301F-11D3-BF4B-00C04F79EFBC}") = "ConsoleApp.Loops", "ConsoleApp.Loops\ConsoleApp.Loops.csproj", "{64AB1154-FA6B-4F14-9705-41FA90B53F66}"
EndProject
Project("{FAE04EC0-301F-11D3-BF4B-00C04F79EFBC}") = "ConsoleApp.ExceptionAndHandling", "ConsoleApp.ExceptionAndHandling\ConsoleApp.ExceptionAndHandling.csproj", "{89E820B4-6B1A-4045-B500-52466A0174C3}"
EndProject
Global
	GlobalSection(SolutionConfigurationPlatforms) = preSolution
		Debug|Any CPU = Debug|Any CPU
		Release|Any CPU = Release|Any CPU
	EndGlobalSection
	GlobalSection(ProjectConfigurationPlatforms) = postSolution
		{521F2BB9-418E-40F5-97C9-ECC6959F0E04}.Debug|Any CPU.ActiveCfg = Debug|Any CPU
		{521F2BB9-418E-40F5-97C9-ECC6959F0E04}.Debug|Any CPU.Build.0 = Debug|Any CPU
		{521F2BB9-418E-40F5-97C9-ECC6959F0E04}.Release|Any CPU.ActiveCfg = Release|Any CPU
		{521F2BB9-418E-40F5-97C9-ECC6959F0E04}.Release|Any CPU.Build.0 = Release|Any CPU
		{84606163-CBAE-4078-98EE-C0D81387C023}.Debug|Any CPU.ActiveCfg = Debug|Any CPU
		{84606163-CBAE-4078-98EE-C0D81387C023}.Debug|Any CPU.Build.0 = Debug|Any CPU
		{84606163-CBAE-4078-98EE-C0D81387C023}.Release|Any CPU.ActiveCfg = Release|Any CPU
		{84606163-CBAE-4078-98EE-C0D81387C023}.Release|Any CPU.Build.0 = Release|Any CPU
		{3031D5C4-71E0-4B12-B061-4F0A578D40BC}.Debug|Any CPU.ActiveCfg = Debug|Any CPU
		{3031D5C4-71E0-4B12-B061-4F0A578D40BC}.Debug|Any CPU.Build.0 = Debug|Any CPU
		{3031D5C4-71E0-4B12-B061-4F0A578D40BC}.Release|Any CPU.ActiveCfg = Release|Any CPU
		{3031D5C4-71E0-4B12-B061-4F0A578D40BC}.Release|Any CPU.Build.0 = Release|Any CPU
		{6DD8C379-0E5B-4CDC-AEFF-0AD74BC578F3}.Debug|Any CPU.ActiveCfg = Debug|Any CPU
		{6DD8C379-0E5B-4CDC-AEFF-0AD74BC578F3}.Debug|Any CPU.Build.0 = Debug|Any CPU
		{6DD8C379-0E5B-4CDC-AEFF-0AD74BC578F3}.Release|Any CPU.ActiveCfg = Release|Any CPU
		{6DD8C379-0E5B-4CDC-AEFF-0AD74BC578F3}.Release|Any CPU.Build.0 = Release|Any CPU
		{7BA2FFEC-944B-44CF-8148-B4B0A67BFBE1}.Debug|Any CPU.ActiveCfg = Debug|Any CPU
		{7BA2FFEC-944B-44CF-8148-B4B0A67BFBE1}.Debug|Any CPU.Build.0 = Debug|Any CPU
		{7BA2FFEC-944B-44CF-8148-B4B0A67BFBE1}.Release|Any CPU.ActiveCfg = Release|Any CPU
		{7BA2FFEC-944B-44CF-8148-B4B0A67BFBE1}.Release|Any CPU.Build.0 = Release|Any CPU
		{01A31085-F153-4DD7-8923-09BDEA37E066}.Debug|Any CPU.ActiveCfg = Debug|Any CPU
		{01A31085-F153-4DD7-8923-09BDEA37E066}.Debug|Any CPU.Build.0 = Debug|Any CPU
		{01A31085-F153-4DD7-8923-09BDEA37E066}.Release|Any CPU.ActiveCfg = Release|Any CPU
		{01A31085-F153-4DD7-8923-09BDEA37E066}.Release|Any CPU.Build.0 = Release|Any CPU
		{64AB1154-FA6B-4F14-9705-41FA90B53F66}.Debug|Any CPU.ActiveCfg = Debug|Any CPU
		{64AB1154-FA6B-4F14-9705-41FA90B53F66}.Debug|Any CPU.Build.0 = Debug|Any CPU
		{64AB1154-FA6B-4F14-9705-41FA90B53F66}.Release|Any CPU.ActiveCfg = Release|Any CPU
		{64AB1154-FA6B-4F14-9705-41FA90B53F66}.Release|Any CPU.Build.0 = Release|Any CPU
		{89E820B4-6B1A-4045-B500-52466A0174C3}.Debug|Any CPU.ActiveCfg = Debug|Any CPU
		{89E820B4-6B1A-4045-B500-52466A0174C3}.Debug|Any CPU.Build.0 = Debug|Any CPU
		{89E820B4-6B1A-4045-B500-52466A0174C3}.Release|Any CPU.ActiveCfg = Release|Any CPU
		{89E820B4-6B1A-4045-B500-52466A0174C3}.Release|Any CPU.Build.0 = Release|Any CPU
	EndGlobalSection
	GlobalSection(SolutionProperties) = preSolution
		HideSolutionNode = FALSE
	EndGlobalSection
	GlobalSection(ExtensibilityGlobals) = postSolution
		SolutionGuid = {AAAF973D-7441-4762-819B-F5A2AA0ED8E6}
	EndGlobalSection
EndGlobal
